
Microsoft Visual Studio Solution File, Format Version 12.00
# Visual Studio Version 16
VisualStudioVersion = 16.0.31402.337
MinimumVisualStudioVersion = 10.0.40219.1
Project("{FAE04EC0-301F-11D3-BF4B-00C04F79EFBC}") = "ConsultaxMVC", "ConsultaxMVC\ConsultaxMVC.csproj", "{0FF7082D-1C35-4959-A014-6F2EDB1872DB}"
EndProject
Global
	GlobalSection(SolutionConfigurationPlatforms) = preSolution
		Debug|Any CPU = Debug|Any CPU
		Release|Any CPU = Release|Any CPU
	EndGlobalSection
	GlobalSection(ProjectConfigurationPlatforms) = postSolution
		{0FF7082D-1C35-4959-A014-6F2EDB1872DB}.Debug|Any CPU.ActiveCfg = Debug|Any CPU
		{0FF7082D-1C35-4959-A014-6F2EDB1872DB}.Debug|Any CPU.Build.0 = Debug|Any CPU
		{0FF7082D-1C35-4959-A014-6F2EDB1872DB}.Release|Any CPU.ActiveCfg = Release|Any CPU
		{0FF7082D-1C35-4959-A014-6F2EDB1872DB}.Release|Any CPU.Build.0 = Release|Any CPU
	EndGlobalSection
	GlobalSection(SolutionProperties) = preSolution
		HideSolutionNode = FALSE
	EndGlobalSection
	GlobalSection(ExtensibilityGlobals) = postSolution
		SolutionGuid = {96E70C00-31C2-4E3F-9555-C8A5B5E18D19}
	EndGlobalSection
EndGlobal
